
Microsoft Visual Studio Solution File, Format Version 12.00
# Visual Studio 15
VisualStudioVersion = 15.0.28307.539
MinimumVisualStudioVersion = 10.0.40219.1
Project("{FAE04EC0-301F-11D3-BF4B-00C04F79EFBC}") = "FinanceManager", "FinanceManager\FinanceManager.csproj", "{AF43EE0D-CA4F-4EE5-88CD-5A04E3FA5BAF}"
EndProject
Global
	GlobalSection(SolutionConfigurationPlatforms) = preSolution
		Debug|Any CPU = Debug|Any CPU
		Release|Any CPU = Release|Any CPU
	EndGlobalSection
	GlobalSection(ProjectConfigurationPlatforms) = postSolution
		{AF43EE0D-CA4F-4EE5-88CD-5A04E3FA5BAF}.Debug|Any CPU.ActiveCfg = Debug|Any CPU
		{AF43EE0D-CA4F-4EE5-88CD-5A04E3FA5BAF}.Debug|Any CPU.Build.0 = Debug|Any CPU
		{AF43EE0D-CA4F-4EE5-88CD-5A04E3FA5BAF}.Release|Any CPU.ActiveCfg = Release|Any CPU
		{AF43EE0D-CA4F-4EE5-88CD-5A04E3FA5BAF}.Release|Any CPU.Build.0 = Release|Any CPU
	EndGlobalSection
	GlobalSection(SolutionProperties) = preSolution
		HideSolutionNode = FALSE
	EndGlobalSection
	GlobalSection(ExtensibilityGlobals) = postSolution
		SolutionGuid = {C6D5250E-668D-49D9-B63C-A32B51924F79}
	EndGlobalSection
EndGlobal
